<?xml version="1.0" encoding="UTF-8"?>
<!DOCTYPE plist PUBLIC "-//Apple//DTD PLIST 1.0//EN" "http://www.apple.com/DTDs/PropertyList-1.0.dtd">
<plist version="1.0">
<dict>
	<key>archiveVersion</key>
	<string>1</string>
	<key>classes</key>
	<dict/>
	<key>objectVersion</key>
	<string>46</string>
	<key>objects</key>
	<dict>
		<key>0FEEBE8C19CBBC61001AB3F8</key>
		<dict>
			<key>children</key>
			<array>
				<string>0FEEBE9719CBBC61001AB3F8</string>
				<string>0FEEBEB419CBBC61001AB3F8</string>
				<string>0FEEBE9619CBBC61001AB3F8</string>
				<string>D5F68D2B63D849799A4F3BDD</string>
				<string>D26703CF3AF5495DA3D3739B</string>
			</array>
			<key>isa</key>
			<string>PBXGroup</string>
			<key>sourceTree</key>
			<string>&lt;group&gt;</string>
		</dict>
		<key>0FEEBE8D19CBBC61001AB3F8</key>
		<dict>
			<key>attributes</key>
			<dict>
				<key>LastUpgradeCheck</key>
				<string>0600</string>
				<key>ORGANIZATIONNAME</key>
				<string>Practice</string>
				<key>TargetAttributes</key>
				<dict>
					<key>0FEEBE9419CBBC61001AB3F8</key>
					<dict>
						<key>CreatedOnToolsVersion</key>
						<string>6.0.1</string>
					</dict>
					<key>0FEEBEB019CBBC61001AB3F8</key>
					<dict>
						<key>CreatedOnToolsVersion</key>
						<string>6.0.1</string>
						<key>TestTargetID</key>
						<string>0FEEBE9419CBBC61001AB3F8</string>
					</dict>
				</dict>
			</dict>
			<key>buildConfigurationList</key>
			<string>0FEEBE9019CBBC61001AB3F8</string>
			<key>compatibilityVersion</key>
			<string>Xcode 3.2</string>
			<key>developmentRegion</key>
			<string>English</string>
			<key>hasScannedForEncodings</key>
			<string>0</string>
			<key>isa</key>
			<string>PBXProject</string>
			<key>knownRegions</key>
			<array>
				<string>en</string>
				<string>Base</string>
			</array>
			<key>mainGroup</key>
			<string>0FEEBE8C19CBBC61001AB3F8</string>
			<key>productRefGroup</key>
			<string>0FEEBE9619CBBC61001AB3F8</string>
			<key>projectDirPath</key>
			<string></string>
			<key>projectReferences</key>
			<array/>
			<key>projectRoot</key>
			<string></string>
			<key>targets</key>
			<array>
				<string>0FEEBE9419CBBC61001AB3F8</string>
				<string>0FEEBEB019CBBC61001AB3F8</string>
			</array>
		</dict>
		<key>0FEEBE9019CBBC61001AB3F8</key>
		<dict>
			<key>buildConfigurations</key>
			<array>
				<string>0FEEBEB919CBBC61001AB3F8</string>
				<string>0FEEBEBA19CBBC61001AB3F8</string>
			</array>
			<key>defaultConfigurationIsVisible</key>
			<string>0</string>
			<key>defaultConfigurationName</key>
			<string>Release</string>
			<key>isa</key>
			<string>XCConfigurationList</string>
		</dict>
		<key>0FEEBE9119CBBC61001AB3F8</key>
		<dict>
			<key>buildActionMask</key>
			<string>2147483647</string>
			<key>files</key>
			<array>
				<string>0FEEBEA119CBBC61001AB3F8</string>
				<string>0FEEBEC919CBBEEF001AB3F8</string>
				<string>0FEEBED219CBBF72001AB3F8</string>
				<string>0FEEBE9E19CBBC61001AB3F8</string>
				<string>0FEEBEC619CBBE64001AB3F8</string>
				<string>0FEEBECF19CBBF41001AB3F8</string>
				<string>0FEEBEA419CBBC61001AB3F8</string>
				<string>0FEEBE9B19CBBC61001AB3F8</string>
			</array>
			<key>isa</key>
			<string>PBXSourcesBuildPhase</string>
			<key>runOnlyForDeploymentPostprocessing</key>
			<string>0</string>
		</dict>
		<key>0FEEBE9219CBBC61001AB3F8</key>
		<dict>
			<key>buildActionMask</key>
			<string>2147483647</string>
			<key>files</key>
			<array>
				<string>77695FCEBD8F451C85C14341</string>
			</array>
			<key>isa</key>
			<string>PBXFrameworksBuildPhase</string>
			<key>runOnlyForDeploymentPostprocessing</key>
			<string>0</string>
		</dict>
		<key>0FEEBE9319CBBC61001AB3F8</key>
		<dict>
			<key>buildActionMask</key>
			<string>2147483647</string>
			<key>files</key>
			<array>
				<string>0FEEBEA719CBBC61001AB3F8</string>
				<string>0FEEBEAC19CBBC61001AB3F8</string>
				<string>0FEEBEA919CBBC61001AB3F8</string>
			</array>
			<key>isa</key>
			<string>PBXResourcesBuildPhase</string>
			<key>runOnlyForDeploymentPostprocessing</key>
			<string>0</string>
		</dict>
		<key>0FEEBE9419CBBC61001AB3F8</key>
		<dict>
			<key>buildConfigurationList</key>
			<string>0FEEBEBB19CBBC61001AB3F8</string>
			<key>buildPhases</key>
			<array>
				<string>5425D3AF4BBF44758D845CD3</string>
				<string>0FEEBE9119CBBC61001AB3F8</string>
				<string>0FEEBE9219CBBC61001AB3F8</string>
				<string>0FEEBE9319CBBC61001AB3F8</string>
				<string>B9A3772B55124F04A4706E6B</string>
			</array>
			<key>buildRules</key>
			<array/>
			<key>dependencies</key>
			<array/>
			<key>isa</key>
			<string>PBXNativeTarget</string>
			<key>name</key>
			<string>Bleater</string>
			<key>productName</key>
			<string>Bleater</string>
			<key>productReference</key>
			<string>0FEEBE9519CBBC61001AB3F8</string>
			<key>productType</key>
			<string>com.apple.product-type.application</string>
		</dict>
		<key>0FEEBE9519CBBC61001AB3F8</key>
		<dict>
			<key>explicitFileType</key>
			<string>wrapper.application</string>
			<key>includeInIndex</key>
			<string>0</string>
			<key>isa</key>
			<string>PBXFileReference</string>
			<key>path</key>
			<string>Bleater.app</string>
			<key>sourceTree</key>
			<string>BUILT_PRODUCTS_DIR</string>
		</dict>
		<key>0FEEBE9619CBBC61001AB3F8</key>
		<dict>
			<key>children</key>
			<array>
				<string>0FEEBE9519CBBC61001AB3F8</string>
				<string>0FEEBEB119CBBC61001AB3F8</string>
			</array>
			<key>isa</key>
			<string>PBXGroup</string>
			<key>name</key>
			<string>Products</string>
			<key>sourceTree</key>
			<string>&lt;group&gt;</string>
		</dict>
		<key>0FEEBE9719CBBC61001AB3F8</key>
		<dict>
			<key>children</key>
			<array>
				<string>0FEEBE9C19CBBC61001AB3F8</string>
				<string>0FEEBE9D19CBBC61001AB3F8</string>
				<string>0FEEBEA219CBBC61001AB3F8</string>
				<string>0FEEBEA319CBBC61001AB3F8</string>
				<string>0FEEBEC119CBBDE2001AB3F8</string>
				<string>0FEEBEC219CBBDE9001AB3F8</string>
				<string>0FEEBEC319CBBDF9001AB3F8</string>
				<string>0FEEBEA519CBBC61001AB3F8</string>
				<string>0FEEBEA819CBBC61001AB3F8</string>
				<string>0FEEBEAA19CBBC61001AB3F8</string>
				<string>0FEEBE9F19CBBC61001AB3F8</string>
				<string>0FEEBE9819CBBC61001AB3F8</string>
			</array>
			<key>isa</key>
			<string>PBXGroup</string>
			<key>path</key>
			<string>Bleater</string>
			<key>sourceTree</key>
			<string>&lt;group&gt;</string>
		</dict>
		<key>0FEEBE9819CBBC61001AB3F8</key>
		<dict>
			<key>children</key>
			<array>
				<string>0FEEBE9919CBBC61001AB3F8</string>
				<string>0FEEBE9A19CBBC61001AB3F8</string>
			</array>
			<key>isa</key>
			<string>PBXGroup</string>
			<key>name</key>
			<string>Supporting Files</string>
			<key>sourceTree</key>
			<string>&lt;group&gt;</string>
		</dict>
		<key>0FEEBE9919CBBC61001AB3F8</key>
		<dict>
			<key>isa</key>
			<string>PBXFileReference</string>
			<key>lastKnownFileType</key>
			<string>text.plist.xml</string>
			<key>path</key>
			<string>Info.plist</string>
			<key>sourceTree</key>
			<string>&lt;group&gt;</string>
		</dict>
		<key>0FEEBE9A19CBBC61001AB3F8</key>
		<dict>
			<key>isa</key>
			<string>PBXFileReference</string>
			<key>lastKnownFileType</key>
			<string>sourcecode.c.objc</string>
			<key>path</key>
			<string>main.m</string>
			<key>sourceTree</key>
			<string>&lt;group&gt;</string>
		</dict>
		<key>0FEEBE9B19CBBC61001AB3F8</key>
		<dict>
			<key>fileRef</key>
			<string>0FEEBE9A19CBBC61001AB3F8</string>
			<key>isa</key>
			<string>PBXBuildFile</string>
		</dict>
		<key>0FEEBE9C19CBBC61001AB3F8</key>
		<dict>
			<key>isa</key>
			<string>PBXFileReference</string>
			<key>lastKnownFileType</key>
			<string>sourcecode.c.h</string>
			<key>path</key>
			<string>AppDelegate.h</string>
			<key>sourceTree</key>
			<string>&lt;group&gt;</string>
		</dict>
		<key>0FEEBE9D19CBBC61001AB3F8</key>
		<dict>
			<key>isa</key>
			<string>PBXFileReference</string>
			<key>lastKnownFileType</key>
			<string>sourcecode.c.objc</string>
			<key>path</key>
			<string>AppDelegate.m</string>
			<key>sourceTree</key>
			<string>&lt;group&gt;</string>
		</dict>
		<key>0FEEBE9E19CBBC61001AB3F8</key>
		<dict>
			<key>fileRef</key>
			<string>0FEEBE9D19CBBC61001AB3F8</string>
			<key>isa</key>
			<string>PBXBuildFile</string>
		</dict>
		<key>0FEEBE9F19CBBC61001AB3F8</key>
		<dict>
			<key>children</key>
			<array>
				<string>0FEEBEA019CBBC61001AB3F8</string>
			</array>
			<key>currentVersion</key>
			<string>0FEEBEA019CBBC61001AB3F8</string>
			<key>isa</key>
			<string>XCVersionGroup</string>
			<key>path</key>
			<string>Bleater.xcdatamodeld</string>
			<key>sourceTree</key>
			<string>&lt;group&gt;</string>
			<key>versionGroupType</key>
			<string>wrapper.xcdatamodel</string>
		</dict>
		<key>0FEEBEA019CBBC61001AB3F8</key>
		<dict>
			<key>isa</key>
			<string>PBXFileReference</string>
			<key>lastKnownFileType</key>
			<string>wrapper.xcdatamodel</string>
			<key>path</key>
			<string>Bleater.xcdatamodel</string>
			<key>sourceTree</key>
			<string>&lt;group&gt;</string>
		</dict>
		<key>0FEEBEA119CBBC61001AB3F8</key>
		<dict>
			<key>fileRef</key>
			<string>0FEEBE9F19CBBC61001AB3F8</string>
			<key>isa</key>
			<string>PBXBuildFile</string>
		</dict>
		<key>0FEEBEA219CBBC61001AB3F8</key>
		<dict>
			<key>isa</key>
			<string>PBXFileReference</string>
			<key>lastKnownFileType</key>
			<string>sourcecode.c.h</string>
			<key>path</key>
			<string>ViewController.h</string>
			<key>sourceTree</key>
			<string>&lt;group&gt;</string>
		</dict>
		<key>0FEEBEA319CBBC61001AB3F8</key>
		<dict>
			<key>isa</key>
			<string>PBXFileReference</string>
			<key>lastKnownFileType</key>
			<string>sourcecode.c.objc</string>
			<key>path</key>
			<string>ViewController.m</string>
			<key>sourceTree</key>
			<string>&lt;group&gt;</string>
		</dict>
		<key>0FEEBEA419CBBC61001AB3F8</key>
		<dict>
			<key>fileRef</key>
			<string>0FEEBEA319CBBC61001AB3F8</string>
			<key>isa</key>
			<string>PBXBuildFile</string>
		</dict>
		<key>0FEEBEA519CBBC61001AB3F8</key>
		<dict>
			<key>children</key>
			<array>
				<string>0FEEBEA619CBBC61001AB3F8</string>
			</array>
			<key>isa</key>
			<string>PBXVariantGroup</string>
			<key>name</key>
			<string>Main.storyboard</string>
			<key>sourceTree</key>
			<string>&lt;group&gt;</string>
		</dict>
		<key>0FEEBEA619CBBC61001AB3F8</key>
		<dict>
			<key>isa</key>
			<string>PBXFileReference</string>
			<key>lastKnownFileType</key>
			<string>file.storyboard</string>
			<key>name</key>
			<string>Base</string>
			<key>path</key>
			<string>Base.lproj/Main.storyboard</string>
			<key>sourceTree</key>
			<string>&lt;group&gt;</string>
		</dict>
		<key>0FEEBEA719CBBC61001AB3F8</key>
		<dict>
			<key>fileRef</key>
			<string>0FEEBEA519CBBC61001AB3F8</string>
			<key>isa</key>
			<string>PBXBuildFile</string>
		</dict>
		<key>0FEEBEA819CBBC61001AB3F8</key>
		<dict>
			<key>isa</key>
			<string>PBXFileReference</string>
			<key>lastKnownFileType</key>
			<string>folder.assetcatalog</string>
			<key>path</key>
			<string>Images.xcassets</string>
			<key>sourceTree</key>
			<string>&lt;group&gt;</string>
		</dict>
		<key>0FEEBEA919CBBC61001AB3F8</key>
		<dict>
			<key>fileRef</key>
			<string>0FEEBEA819CBBC61001AB3F8</string>
			<key>isa</key>
			<string>PBXBuildFile</string>
		</dict>
		<key>0FEEBEAA19CBBC61001AB3F8</key>
		<dict>
			<key>children</key>
			<array>
				<string>0FEEBEAB19CBBC61001AB3F8</string>
			</array>
			<key>isa</key>
			<string>PBXVariantGroup</string>
			<key>name</key>
			<string>LaunchScreen.xib</string>
			<key>sourceTree</key>
			<string>&lt;group&gt;</string>
		</dict>
		<key>0FEEBEAB19CBBC61001AB3F8</key>
		<dict>
			<key>isa</key>
			<string>PBXFileReference</string>
			<key>lastKnownFileType</key>
			<string>file.xib</string>
			<key>name</key>
			<string>Base</string>
			<key>path</key>
			<string>Base.lproj/LaunchScreen.xib</string>
			<key>sourceTree</key>
			<string>&lt;group&gt;</string>
		</dict>
		<key>0FEEBEAC19CBBC61001AB3F8</key>
		<dict>
			<key>fileRef</key>
			<string>0FEEBEAA19CBBC61001AB3F8</string>
			<key>isa</key>
			<string>PBXBuildFile</string>
		</dict>
		<key>0FEEBEAD19CBBC61001AB3F8</key>
		<dict>
			<key>buildActionMask</key>
			<string>2147483647</string>
			<key>files</key>
			<array>
				<string>0FEEBEB819CBBC61001AB3F8</string>
			</array>
			<key>isa</key>
			<string>PBXSourcesBuildPhase</string>
			<key>runOnlyForDeploymentPostprocessing</key>
			<string>0</string>
		</dict>
		<key>0FEEBEAE19CBBC61001AB3F8</key>
		<dict>
			<key>buildActionMask</key>
			<string>2147483647</string>
			<key>files</key>
			<array/>
			<key>isa</key>
			<string>PBXFrameworksBuildPhase</string>
			<key>runOnlyForDeploymentPostprocessing</key>
			<string>0</string>
		</dict>
		<key>0FEEBEAF19CBBC61001AB3F8</key>
		<dict>
			<key>buildActionMask</key>
			<string>2147483647</string>
			<key>files</key>
			<array/>
			<key>isa</key>
			<string>PBXResourcesBuildPhase</string>
			<key>runOnlyForDeploymentPostprocessing</key>
			<string>0</string>
		</dict>
		<key>0FEEBEB019CBBC61001AB3F8</key>
		<dict>
			<key>buildConfigurationList</key>
			<string>0FEEBEBE19CBBC61001AB3F8</string>
			<key>buildPhases</key>
			<array>
				<string>0FEEBEAD19CBBC61001AB3F8</string>
				<string>0FEEBEAE19CBBC61001AB3F8</string>
				<string>0FEEBEAF19CBBC61001AB3F8</string>
			</array>
			<key>buildRules</key>
			<array/>
			<key>dependencies</key>
			<array>
				<string>0FEEBEB319CBBC61001AB3F8</string>
			</array>
			<key>isa</key>
			<string>PBXNativeTarget</string>
			<key>name</key>
			<string>BleaterTests</string>
			<key>productName</key>
			<string>BleaterTests</string>
			<key>productReference</key>
			<string>0FEEBEB119CBBC61001AB3F8</string>
			<key>productType</key>
			<string>com.apple.product-type.bundle.unit-test</string>
		</dict>
		<key>0FEEBEB119CBBC61001AB3F8</key>
		<dict>
			<key>explicitFileType</key>
			<string>wrapper.cfbundle</string>
			<key>includeInIndex</key>
			<string>0</string>
			<key>isa</key>
			<string>PBXFileReference</string>
			<key>path</key>
			<string>BleaterTests.xctest</string>
			<key>sourceTree</key>
			<string>BUILT_PRODUCTS_DIR</string>
		</dict>
		<key>0FEEBEB219CBBC61001AB3F8</key>
		<dict>
			<key>containerPortal</key>
			<string>0FEEBE8D19CBBC61001AB3F8</string>
			<key>isa</key>
			<string>PBXContainerItemProxy</string>
			<key>proxyType</key>
			<string>1</string>
			<key>remoteGlobalIDString</key>
			<string>0FEEBE9419CBBC61001AB3F8</string>
			<key>remoteInfo</key>
			<string>Bleater</string>
		</dict>
		<key>0FEEBEB319CBBC61001AB3F8</key>
		<dict>
			<key>isa</key>
			<string>PBXTargetDependency</string>
			<key>target</key>
			<string>0FEEBE9419CBBC61001AB3F8</string>
			<key>targetProxy</key>
			<string>0FEEBEB219CBBC61001AB3F8</string>
		</dict>
		<key>0FEEBEB419CBBC61001AB3F8</key>
		<dict>
			<key>children</key>
			<array>
				<string>0FEEBEB719CBBC61001AB3F8</string>
				<string>0FEEBEB519CBBC61001AB3F8</string>
			</array>
			<key>isa</key>
			<string>PBXGroup</string>
			<key>path</key>
			<string>BleaterTests</string>
			<key>sourceTree</key>
			<string>&lt;group&gt;</string>
		</dict>
		<key>0FEEBEB519CBBC61001AB3F8</key>
		<dict>
			<key>children</key>
			<array>
				<string>0FEEBEB619CBBC61001AB3F8</string>
			</array>
			<key>isa</key>
			<string>PBXGroup</string>
			<key>name</key>
			<string>Supporting Files</string>
			<key>sourceTree</key>
			<string>&lt;group&gt;</string>
		</dict>
		<key>0FEEBEB619CBBC61001AB3F8</key>
		<dict>
			<key>isa</key>
			<string>PBXFileReference</string>
			<key>lastKnownFileType</key>
			<string>text.plist.xml</string>
			<key>path</key>
			<string>Info.plist</string>
			<key>sourceTree</key>
			<string>&lt;group&gt;</string>
		</dict>
		<key>0FEEBEB719CBBC61001AB3F8</key>
		<dict>
			<key>isa</key>
			<string>PBXFileReference</string>
			<key>lastKnownFileType</key>
			<string>sourcecode.c.objc</string>
			<key>path</key>
			<string>BleaterTests.m</string>
			<key>sourceTree</key>
			<string>&lt;group&gt;</string>
		</dict>
		<key>0FEEBEB819CBBC61001AB3F8</key>
		<dict>
			<key>fileRef</key>
			<string>0FEEBEB719CBBC61001AB3F8</string>
			<key>isa</key>
			<string>PBXBuildFile</string>
		</dict>
		<key>0FEEBEB919CBBC61001AB3F8</key>
		<dict>
			<key>buildSettings</key>
			<dict>
				<key>ALWAYS_SEARCH_USER_PATHS</key>
				<string>NO</string>
				<key>CLANG_CXX_LANGUAGE_STANDARD</key>
				<string>gnu++0x</string>
				<key>CLANG_CXX_LIBRARY</key>
				<string>libc++</string>
				<key>CLANG_ENABLE_MODULES</key>
				<string>YES</string>
				<key>CLANG_ENABLE_OBJC_ARC</key>
				<string>YES</string>
				<key>CLANG_WARN_BOOL_CONVERSION</key>
				<string>YES</string>
				<key>CLANG_WARN_CONSTANT_CONVERSION</key>
				<string>YES</string>
				<key>CLANG_WARN_DIRECT_OBJC_ISA_USAGE</key>
				<string>YES_ERROR</string>
				<key>CLANG_WARN_EMPTY_BODY</key>
				<string>YES</string>
				<key>CLANG_WARN_ENUM_CONVERSION</key>
				<string>YES</string>
				<key>CLANG_WARN_INT_CONVERSION</key>
				<string>YES</string>
				<key>CLANG_WARN_OBJC_ROOT_CLASS</key>
				<string>YES_ERROR</string>
				<key>CLANG_WARN_UNREACHABLE_CODE</key>
				<string>YES</string>
				<key>CLANG_WARN__DUPLICATE_METHOD_MATCH</key>
				<string>YES</string>
				<key>CODE_SIGN_IDENTITY[sdk=iphoneos*]</key>
				<string>iPhone Developer</string>
				<key>COPY_PHASE_STRIP</key>
				<string>NO</string>
				<key>ENABLE_STRICT_OBJC_MSGSEND</key>
				<string>YES</string>
				<key>GCC_C_LANGUAGE_STANDARD</key>
				<string>gnu99</string>
				<key>GCC_DYNAMIC_NO_PIC</key>
				<string>NO</string>
				<key>GCC_OPTIMIZATION_LEVEL</key>
				<string>0</string>
				<key>GCC_PREPROCESSOR_DEFINITIONS</key>
				<array>
					<string>DEBUG=1</string>
					<string>$(inherited)</string>
				</array>
				<key>GCC_SYMBOLS_PRIVATE_EXTERN</key>
				<string>NO</string>
				<key>GCC_WARN_64_TO_32_BIT_CONVERSION</key>
				<string>YES</string>
				<key>GCC_WARN_ABOUT_RETURN_TYPE</key>
				<string>YES_ERROR</string>
				<key>GCC_WARN_UNDECLARED_SELECTOR</key>
				<string>YES</string>
				<key>GCC_WARN_UNINITIALIZED_AUTOS</key>
				<string>YES_AGGRESSIVE</string>
				<key>GCC_WARN_UNUSED_FUNCTION</key>
				<string>YES</string>
				<key>GCC_WARN_UNUSED_VARIABLE</key>
				<string>YES</string>
				<key>IPHONEOS_DEPLOYMENT_TARGET</key>
				<string>8.0</string>
				<key>MTL_ENABLE_DEBUG_INFO</key>
				<string>YES</string>
				<key>ONLY_ACTIVE_ARCH</key>
				<string>YES</string>
				<key>SDKROOT</key>
				<string>iphoneos</string>
			</dict>
			<key>isa</key>
			<string>XCBuildConfiguration</string>
			<key>name</key>
			<string>Debug</string>
		</dict>
		<key>0FEEBEBA19CBBC61001AB3F8</key>
		<dict>
			<key>buildSettings</key>
			<dict>
				<key>ALWAYS_SEARCH_USER_PATHS</key>
				<string>NO</string>
				<key>CLANG_CXX_LANGUAGE_STANDARD</key>
				<string>gnu++0x</string>
				<key>CLANG_CXX_LIBRARY</key>
				<string>libc++</string>
				<key>CLANG_ENABLE_MODULES</key>
				<string>YES</string>
				<key>CLANG_ENABLE_OBJC_ARC</key>
				<string>YES</string>
				<key>CLANG_WARN_BOOL_CONVERSION</key>
				<string>YES</string>
				<key>CLANG_WARN_CONSTANT_CONVERSION</key>
				<string>YES</string>
				<key>CLANG_WARN_DIRECT_OBJC_ISA_USAGE</key>
				<string>YES_ERROR</string>
				<key>CLANG_WARN_EMPTY_BODY</key>
				<string>YES</string>
				<key>CLANG_WARN_ENUM_CONVERSION</key>
				<string>YES</string>
				<key>CLANG_WARN_INT_CONVERSION</key>
				<string>YES</string>
				<key>CLANG_WARN_OBJC_ROOT_CLASS</key>
				<string>YES_ERROR</string>
				<key>CLANG_WARN_UNREACHABLE_CODE</key>
				<string>YES</string>
				<key>CLANG_WARN__DUPLICATE_METHOD_MATCH</key>
				<string>YES</string>
				<key>CODE_SIGN_IDENTITY[sdk=iphoneos*]</key>
				<string>iPhone Developer</string>
				<key>COPY_PHASE_STRIP</key>
				<string>YES</string>
				<key>ENABLE_NS_ASSERTIONS</key>
				<string>NO</string>
				<key>ENABLE_STRICT_OBJC_MSGSEND</key>
				<string>YES</string>
				<key>GCC_C_LANGUAGE_STANDARD</key>
				<string>gnu99</string>
				<key>GCC_WARN_64_TO_32_BIT_CONVERSION</key>
				<string>YES</string>
				<key>GCC_WARN_ABOUT_RETURN_TYPE</key>
				<string>YES_ERROR</string>
				<key>GCC_WARN_UNDECLARED_SELECTOR</key>
				<string>YES</string>
				<key>GCC_WARN_UNINITIALIZED_AUTOS</key>
				<string>YES_AGGRESSIVE</string>
				<key>GCC_WARN_UNUSED_FUNCTION</key>
				<string>YES</string>
				<key>GCC_WARN_UNUSED_VARIABLE</key>
				<string>YES</string>
				<key>IPHONEOS_DEPLOYMENT_TARGET</key>
				<string>8.0</string>
				<key>MTL_ENABLE_DEBUG_INFO</key>
				<string>NO</string>
				<key>SDKROOT</key>
				<string>iphoneos</string>
				<key>VALIDATE_PRODUCT</key>
				<string>YES</string>
			</dict>
			<key>isa</key>
			<string>XCBuildConfiguration</string>
			<key>name</key>
			<string>Release</string>
		</dict>
		<key>0FEEBEBB19CBBC61001AB3F8</key>
		<dict>
			<key>buildConfigurations</key>
			<array>
				<string>0FEEBEBC19CBBC61001AB3F8</string>
				<string>0FEEBEBD19CBBC61001AB3F8</string>
			</array>
			<key>defaultConfigurationIsVisible</key>
			<string>0</string>
			<key>isa</key>
			<string>XCConfigurationList</string>
		</dict>
		<key>0FEEBEBC19CBBC61001AB3F8</key>
		<dict>
			<key>baseConfigurationReference</key>
			<string>D5F68D2B63D849799A4F3BDD</string>
			<key>buildSettings</key>
			<dict>
				<key>ASSETCATALOG_COMPILER_APPICON_NAME</key>
				<string>AppIcon</string>
				<key>INFOPLIST_FILE</key>
				<string>Bleater/Info.plist</string>
				<key>LD_RUNPATH_SEARCH_PATHS</key>
				<string>$(inherited) @executable_path/Frameworks</string>
				<key>PRODUCT_NAME</key>
				<string>$(TARGET_NAME)</string>
			</dict>
			<key>isa</key>
			<string>XCBuildConfiguration</string>
			<key>name</key>
			<string>Debug</string>
		</dict>
		<key>0FEEBEBD19CBBC61001AB3F8</key>
		<dict>
			<key>baseConfigurationReference</key>
			<string>D5F68D2B63D849799A4F3BDD</string>
			<key>buildSettings</key>
			<dict>
				<key>ASSETCATALOG_COMPILER_APPICON_NAME</key>
				<string>AppIcon</string>
				<key>INFOPLIST_FILE</key>
				<string>Bleater/Info.plist</string>
				<key>LD_RUNPATH_SEARCH_PATHS</key>
				<string>$(inherited) @executable_path/Frameworks</string>
				<key>PRODUCT_NAME</key>
				<string>$(TARGET_NAME)</string>
			</dict>
			<key>isa</key>
			<string>XCBuildConfiguration</string>
			<key>name</key>
			<string>Release</string>
		</dict>
		<key>0FEEBEBE19CBBC61001AB3F8</key>
		<dict>
			<key>buildConfigurations</key>
			<array>
				<string>0FEEBEBF19CBBC61001AB3F8</string>
				<string>0FEEBEC019CBBC61001AB3F8</string>
			</array>
			<key>defaultConfigurationIsVisible</key>
			<string>0</string>
			<key>isa</key>
			<string>XCConfigurationList</string>
		</dict>
		<key>0FEEBEBF19CBBC61001AB3F8</key>
		<dict>
			<key>buildSettings</key>
			<dict>
				<key>BUNDLE_LOADER</key>
				<string>$(TEST_HOST)</string>
				<key>FRAMEWORK_SEARCH_PATHS</key>
				<array>
					<string>$(SDKROOT)/Developer/Library/Frameworks</string>
					<string>$(inherited)</string>
				</array>
				<key>GCC_PREPROCESSOR_DEFINITIONS</key>
				<array>
					<string>DEBUG=1</string>
					<string>$(inherited)</string>
				</array>
				<key>INFOPLIST_FILE</key>
				<string>BleaterTests/Info.plist</string>
				<key>LD_RUNPATH_SEARCH_PATHS</key>
				<string>$(inherited) @executable_path/Frameworks @loader_path/Frameworks</string>
				<key>PRODUCT_NAME</key>
				<string>$(TARGET_NAME)</string>
				<key>TEST_HOST</key>
				<string>$(BUILT_PRODUCTS_DIR)/Bleater.app/Bleater</string>
			</dict>
			<key>isa</key>
			<string>XCBuildConfiguration</string>
			<key>name</key>
			<string>Debug</string>
		</dict>
		<key>0FEEBEC019CBBC61001AB3F8</key>
		<dict>
			<key>buildSettings</key>
			<dict>
				<key>BUNDLE_LOADER</key>
				<string>$(TEST_HOST)</string>
				<key>FRAMEWORK_SEARCH_PATHS</key>
				<array>
					<string>$(SDKROOT)/Developer/Library/Frameworks</string>
					<string>$(inherited)</string>
				</array>
				<key>INFOPLIST_FILE</key>
				<string>BleaterTests/Info.plist</string>
				<key>LD_RUNPATH_SEARCH_PATHS</key>
				<string>$(inherited) @executable_path/Frameworks @loader_path/Frameworks</string>
				<key>PRODUCT_NAME</key>
				<string>$(TARGET_NAME)</string>
				<key>TEST_HOST</key>
				<string>$(BUILT_PRODUCTS_DIR)/Bleater.app/Bleater</string>
			</dict>
			<key>isa</key>
			<string>XCBuildConfiguration</string>
			<key>name</key>
			<string>Release</string>
		</dict>
		<key>0FEEBEC119CBBDE2001AB3F8</key>
		<dict>
			<key>children</key>
			<array>
				<string>0FEEBED019CBBF72001AB3F8</string>
				<string>0FEEBED119CBBF72001AB3F8</string>
			</array>
			<key>isa</key>
			<string>PBXGroup</string>
			<key>path</key>
			<string>Model</string>
			<key>sourceTree</key>
			<string>&lt;group&gt;</string>
		</dict>
		<key>0FEEBEC219CBBDE9001AB3F8</key>
		<dict>
			<key>children</key>
			<array>
				<string>0FEEBEC719CBBEEF001AB3F8</string>
				<string>0FEEBEC819CBBEEF001AB3F8</string>
			</array>
			<key>isa</key>
			<string>PBXGroup</string>
			<key>path</key>
			<string>View</string>
			<key>sourceTree</key>
			<string>&lt;group&gt;</string>
		</dict>
		<key>0FEEBEC319CBBDF9001AB3F8</key>
		<dict>
			<key>children</key>
			<array>
				<string>0FEEBEC419CBBE64001AB3F8</string>
				<string>0FEEBEC519CBBE64001AB3F8</string>
				<string>0FEEBECD19CBBF41001AB3F8</string>
				<string>0FEEBECE19CBBF41001AB3F8</string>
			</array>
			<key>isa</key>
			<string>PBXGroup</string>
			<key>path</key>
			<string>Controller</string>
			<key>sourceTree</key>
			<string>&lt;group&gt;</string>
		</dict>
		<key>0FEEBEC419CBBE64001AB3F8</key>
		<dict>
			<key>fileEncoding</key>
			<string>4</string>
			<key>isa</key>
			<string>PBXFileReference</string>
			<key>lastKnownFileType</key>
			<string>sourcecode.c.h</string>
			<key>path</key>
			<string>ZAFeedVC.h</string>
			<key>sourceTree</key>
			<string>&lt;group&gt;</string>
		</dict>
		<key>0FEEBEC519CBBE64001AB3F8</key>
		<dict>
			<key>fileEncoding</key>
			<string>4</string>
			<key>isa</key>
			<string>PBXFileReference</string>
			<key>lastKnownFileType</key>
			<string>sourcecode.c.objc</string>
			<key>path</key>
			<string>ZAFeedVC.m</string>
			<key>sourceTree</key>
			<string>&lt;group&gt;</string>
		</dict>
		<key>0FEEBEC619CBBE64001AB3F8</key>
		<dict>
			<key>fileRef</key>
			<string>0FEEBEC519CBBE64001AB3F8</string>
			<key>isa</key>
			<string>PBXBuildFile</string>
		</dict>
		<key>0FEEBEC719CBBEEF001AB3F8</key>
		<dict>
			<key>fileEncoding</key>
			<string>4</string>
			<key>isa</key>
			<string>PBXFileReference</string>
			<key>lastKnownFileType</key>
			<string>sourcecode.c.h</string>
			<key>path</key>
			<string>ZABleatCell.h</string>
			<key>sourceTree</key>
			<string>&lt;group&gt;</string>
		</dict>
		<key>0FEEBEC819CBBEEF001AB3F8</key>
		<dict>
			<key>fileEncoding</key>
			<string>4</string>
			<key>isa</key>
			<string>PBXFileReference</string>
			<key>lastKnownFileType</key>
			<string>sourcecode.c.objc</string>
			<key>path</key>
			<string>ZABleatCell.m</string>
			<key>sourceTree</key>
			<string>&lt;group&gt;</string>
		</dict>
		<key>0FEEBEC919CBBEEF001AB3F8</key>
		<dict>
			<key>fileRef</key>
			<string>0FEEBEC819CBBEEF001AB3F8</string>
			<key>isa</key>
			<string>PBXBuildFile</string>
		</dict>
		<key>0FEEBECD19CBBF41001AB3F8</key>
		<dict>
			<key>fileEncoding</key>
			<string>4</string>
			<key>isa</key>
			<string>PBXFileReference</string>
			<key>lastKnownFileType</key>
			<string>sourcecode.c.h</string>
			<key>path</key>
			<string>ZABleatDetailVC.h</string>
			<key>sourceTree</key>
			<string>&lt;group&gt;</string>
		</dict>
		<key>0FEEBECE19CBBF41001AB3F8</key>
		<dict>
			<key>fileEncoding</key>
			<string>4</string>
			<key>isa</key>
			<string>PBXFileReference</string>
			<key>lastKnownFileType</key>
			<string>sourcecode.c.objc</string>
			<key>path</key>
			<string>ZABleatDetailVC.m</string>
			<key>sourceTree</key>
			<string>&lt;group&gt;</string>
		</dict>
		<key>0FEEBECF19CBBF41001AB3F8</key>
		<dict>
			<key>fileRef</key>
			<string>0FEEBECE19CBBF41001AB3F8</string>
			<key>isa</key>
			<string>PBXBuildFile</string>
		</dict>
		<key>0FEEBED019CBBF72001AB3F8</key>
		<dict>
			<key>fileEncoding</key>
			<string>4</string>
			<key>isa</key>
			<string>PBXFileReference</string>
			<key>lastKnownFileType</key>
			<string>sourcecode.c.h</string>
			<key>path</key>
			<string>ZADataStore.h</string>
			<key>sourceTree</key>
			<string>&lt;group&gt;</string>
		</dict>
		<key>0FEEBED119CBBF72001AB3F8</key>
		<dict>
			<key>fileEncoding</key>
			<string>4</string>
			<key>isa</key>
			<string>PBXFileReference</string>
			<key>lastKnownFileType</key>
			<string>sourcecode.c.objc</string>
			<key>path</key>
			<string>ZADataStore.m</string>
			<key>sourceTree</key>
			<string>&lt;group&gt;</string>
		</dict>
		<key>0FEEBED219CBBF72001AB3F8</key>
		<dict>
			<key>fileRef</key>
			<string>0FEEBED119CBBF72001AB3F8</string>
			<key>isa</key>
			<string>PBXBuildFile</string>
		</dict>
		<key>24E67433570C424CBF02520F</key>
		<dict>
			<key>explicitFileType</key>
			<string>archive.ar</string>
			<key>includeInIndex</key>
			<string>0</string>
			<key>isa</key>
			<string>PBXFileReference</string>
			<key>path</key>
			<string>libPods.a</string>
			<key>sourceTree</key>
			<string>BUILT_PRODUCTS_DIR</string>
		</dict>
		<key>5425D3AF4BBF44758D845CD3</key>
		<dict>
			<key>buildActionMask</key>
			<string>2147483647</string>
			<key>files</key>
			<array/>
			<key>inputPaths</key>
			<array/>
			<key>isa</key>
			<string>PBXShellScriptBuildPhase</string>
			<key>name</key>
			<string>Check Pods Manifest.lock</string>
			<key>outputPaths</key>
			<array/>
			<key>runOnlyForDeploymentPostprocessing</key>
			<string>0</string>
			<key>shellPath</key>
			<string>/bin/sh</string>
			<key>shellScript</key>
			<string>diff "${PODS_ROOT}/../Podfile.lock" "${PODS_ROOT}/Manifest.lock" &gt; /dev/null
if [[ $? != 0 ]] ; then
    cat &lt;&lt; EOM
error: The sandbox is not in sync with the Podfile.lock. Run 'pod install' or update your CocoaPods installation.
EOM
    exit 1
fi
</string>
			<key>showEnvVarsInLog</key>
			<string>0</string>
		</dict>
		<key>77695FCEBD8F451C85C14341</key>
		<dict>
			<key>fileRef</key>
			<string>24E67433570C424CBF02520F</string>
			<key>isa</key>
			<string>PBXBuildFile</string>
		</dict>
		<key>B9A3772B55124F04A4706E6B</key>
		<dict>
			<key>buildActionMask</key>
			<string>2147483647</string>
			<key>files</key>
			<array/>
			<key>inputPaths</key>
			<array/>
			<key>isa</key>
			<string>PBXShellScriptBuildPhase</string>
			<key>name</key>
			<string>Copy Pods Resources</string>
			<key>outputPaths</key>
			<array/>
			<key>runOnlyForDeploymentPostprocessing</key>
			<string>0</string>
			<key>shellPath</key>
			<string>/bin/sh</string>
			<key>shellScript</key>
			<string>"${SRCROOT}/Pods/Pods-resources.sh"
</string>
			<key>showEnvVarsInLog</key>
			<string>0</string>
		</dict>
		<key>D26703CF3AF5495DA3D3739B</key>
		<dict>
			<key>children</key>
			<array>
				<string>24E67433570C424CBF02520F</string>
			</array>
			<key>isa</key>
			<string>PBXGroup</string>
			<key>name</key>
			<string>Frameworks</string>
			<key>sourceTree</key>
			<string>&lt;group&gt;</string>
		</dict>
		<key>D5F68D2B63D849799A4F3BDD</key>
		<dict>
			<key>includeInIndex</key>
			<string>1</string>
			<key>isa</key>
			<string>PBXFileReference</string>
			<key>lastKnownFileType</key>
			<string>text.xcconfig</string>
			<key>name</key>
			<string>Pods.xcconfig</string>
			<key>path</key>
			<string>Pods/Pods.xcconfig</string>
			<key>sourceTree</key>
			<string>&lt;group&gt;</string>
		</dict>
	</dict>
	<key>rootObject</key>
	<string>0FEEBE8D19CBBC61001AB3F8</string>
</dict>
</plist>
